{
  "name": "impy-redux",
  "version": "1.0.1",
  "lockfileVersion": 1,
  "requires": true,
  "dependencies": {
    "impy-utils": {
      "version": "1.0.1",
      "resolved": "https://registry.npmjs.org/impy-utils/-/impy-utils-1.0.1.tgz",
      "integrity": "sha512-CT94dJfeDAoGsOeIK9Id06CB6Ucl76W8O8i0/tJknuz73U2NmKIzOPgApx+XKpgsISz/lJO6L1s2LgRHdi+Q4A=="
    },
    "lodash": {
      "version": "4.17.10",
      "resolved": "https://registry.npmjs.org/lodash/-/lodash-4.17.10.tgz",
      "integrity": "sha512-UejweD1pDoXu+AD825lWwp4ZGtSwgnpZxb3JDViD7StjQz+Nb/6l093lx4OQ0foGWNRoc19mWy7BzL+UAK2iVg=="
    }
  }
}
